
Microsoft Visual Studio Solution File, Format Version 12.00
# Visual Studio 14
VisualStudioVersion = 14.0.25420.1
MinimumVisualStudioVersion = 10.0.40219.1
Project("{2150E333-8FDC-42A3-9474-1A3956D46DE8}") = "src", "src", "{DC600974-69CA-4DE9-9981-215014FDB439}"
EndProject
Project("{2150E333-8FDC-42A3-9474-1A3956D46DE8}") = "Solution Items", "Solution Items", "{1D2F7AE9-07CD-4D43-AB39-75C5A5EB0B59}"
	ProjectSection(SolutionItems) = preProject
		global.json = global.json
	EndProjectSection
EndProject
Project("{8BB2217D-0F2D-49D1-97BC-3654ED321F3B}") = "Evolution.Web", "src\Evolution.Web\Evolution.Web.xproj", "{D89CC6BE-431C-4412-A258-F3294F10D6FD}"
EndProject
Project("{2150E333-8FDC-42A3-9474-1A3956D46DE8}") = "00_Framework", "00_Framework", "{59F77EFF-BA8D-4DA2-BD53-43FA41B41573}"
EndProject
Project("{2150E333-8FDC-42A3-9474-1A3956D46DE8}") = "01_Domain", "01_Domain", "{0F2CC650-7C06-42F8-B01C-622C83BDDEF4}"
EndProject
Project("{2150E333-8FDC-42A3-9474-1A3956D46DE8}") = "02_Application", "02_Application", "{48F93FD1-2EE8-42DB-BD31-9894C5F5396B}"
EndProject
Project("{8BB2217D-0F2D-49D1-97BC-3654ED321F3B}") = "Evolution.Framework", "src\Evolution.Framework\Evolution.Framework.xproj", "{48FF2AF3-B81C-4B20-B8FE-50DF2D17B42D}"
EndProject
Project("{8BB2217D-0F2D-49D1-97BC-3654ED321F3B}") = "Evolution.Data", "src\Evolution.Data\Evolution.Data.xproj", "{F986F6CD-348E-4F18-BF9A-44C84E078B91}"
EndProject
Project("{8BB2217D-0F2D-49D1-97BC-3654ED321F3B}") = "Evolution.Application", "src\Evolution.Application\Evolution.Application.xproj", "{29F8A736-0B6E-4715-A7C7-5E1C27AF3951}"
EndProject
Project("{8BB2217D-0F2D-49D1-97BC-3654ED321F3B}") = "Evolution.Repository", "src\Evolution.Repository\Evolution.Repository.xproj", "{EF912846-22C4-40E7-A0A7-48C04AFEE663}"
EndProject
Project("{8BB2217D-0F2D-49D1-97BC-3654ED321F3B}") = "Evolution.IInfrastructure", "src\Evolution.IInfrastructure\Evolution.IInfrastructure.xproj", "{8BE6C024-883D-4CD0-98AB-6E1B3C987A07}"
EndProject
Project("{2150E333-8FDC-42A3-9474-1A3956D46DE8}") = "03_Plugins", "03_Plugins", "{D10BE1BC-CDE8-4734-8657-4D6C05467C87}"
EndProject
Project("{8BB2217D-0F2D-49D1-97BC-3654ED321F3B}") = "Evolution.RepositoryBase", "src\Evolution.RepositoryBase\Evolution.RepositoryBase.xproj", "{0AD6EC54-6B25-4BD1-B63D-9732F2FE2D71}"
EndProject
Project("{8BB2217D-0F2D-49D1-97BC-3654ED321F3B}") = "Evolution.Plugins.Demo", "src\Evolution.Plugins.Demo\Evolution.Plugins.Demo.xproj", "{D37B4060-9315-4E70-861C-CBF3245F0878}"
EndProject
Project("{8BB2217D-0F2D-49D1-97BC-3654ED321F3B}") = "Evolution.Web.Attributes", "src\Evolution.Web.Attributes\Evolution.Web.Attributes.xproj", "{76145327-15D8-41AF-89BA-63928304E278}"
EndProject
Project("{2150E333-8FDC-42A3-9474-1A3956D46DE8}") = "Tester", "Tester", "{9E699BBD-B4FC-44F2-833A-A4EE5160BB3C}"
EndProject
Project("{8BB2217D-0F2D-49D1-97BC-3654ED321F3B}") = "Evolution.Framework.Test", "test\Evolution.Framework.Test\Evolution.Framework.Test.xproj", "{E277AD00-F5C9-4169-AD46-1A4F3C9EFE67}"
EndProject
Project("{8BB2217D-0F2D-49D1-97BC-3654ED321F3B}") = "Evolution.Plugins.Area", "src\Evolution.Plugins.Area\Evolution.Plugins.Area.xproj", "{148C4EE9-1A73-4B3E-AFC5-233886E1B0C4}"
EndProject
Project("{8BB2217D-0F2D-49D1-97BC-3654ED321F3B}") = "Evolution.Plugins.DocManagement", "src\Evolution.Plugins.DocManagement\Evolution.Plugins.DocManagement.xproj", "{AA4E6DB2-C613-41B2-B1E9-E6E26AA11BBC}"
EndProject
Project("{8BB2217D-0F2D-49D1-97BC-3654ED321F3B}") = "Evolution.Plugins.Abstract", "src\Evolution.Plugins.Abstract\Evolution.Plugins.Abstract.xproj", "{C5DB8170-B4BE-4C77-85E9-E34F0015F72E}"
EndProject
Project("{8BB2217D-0F2D-49D1-97BC-3654ED321F3B}") = "Evolution.Web.Abstract", "src\Evolution.Web.Abstract\Evolution.Web.Abstract.xproj", "{047D09EF-F3DC-4877-BA9A-B0A28D14A4FE}"
EndProject
Project("{8BB2217D-0F2D-49D1-97BC-3654ED321F3B}") = "Evolution.Plugins.ScrumKanBan", "src\Evolution.Plugins.ScrumKanBan\Evolution.Plugins.ScrumKanBan.xproj", "{2D8A61AD-74F3-46FA-BDF4-4AEFCB7F0FA5}"
EndProject
Project("{8BB2217D-0F2D-49D1-97BC-3654ED321F3B}") = "Evolution.Data.EntityBase", "src\Evolution.Data.EntityBase\Evolution.Data.EntityBase.xproj", "{85234684-8031-4049-89EF-BA2E4E213174}"
EndProject
Project("{8BB2217D-0F2D-49D1-97BC-3654ED321F3B}") = "Evolution.Plugins.WX", "src\Evolution.Plugins.WX\Evolution.Plugins.WX.xproj", "{18FB52E6-C4FF-4ADC-AEE4-126C2F50DBB5}"
EndProject
Project("{8BB2217D-0F2D-49D1-97BC-3654ED321F3B}") = "Microsoft.AspNetCore.Mvc.Core", "..\core\AspNetCoreMVC\src\Microsoft.AspNetCore.Mvc.Core\Microsoft.AspNetCore.Mvc.Core.xproj", "{C48DA9D7-ACB5-4408-AA79-27ECB60A67EF}"
EndProject
Project("{8BB2217D-0F2D-49D1-97BC-3654ED321F3B}") = "Microsoft.AspNetCore.Mvc.Abstractions", "..\core\AspNetCoreMVC\src\Microsoft.AspNetCore.Mvc.Abstractions\Microsoft.AspNetCore.Mvc.Abstractions.xproj", "{1154203C-7579-4525-906E-BC55268421C1}"
EndProject
Project("{8BB2217D-0F2D-49D1-97BC-3654ED321F3B}") = "Microsoft.AspNetCore.Routing", "..\core\AspNetCoreRouting\src\Microsoft.AspNetCore.Routing\Microsoft.AspNetCore.Routing.xproj", "{1EE54D32-6CED-4206-ACF5-3DC1DD39D228}"
EndProject
Project("{8BB2217D-0F2D-49D1-97BC-3654ED321F3B}") = "Microsoft.AspNetCore.Routing.Abstractions", "..\core\AspNetCoreRouting\src\Microsoft.AspNetCore.Routing.Abstractions\Microsoft.AspNetCore.Routing.Abstractions.xproj", "{ED253B01-24F1-43D1-AA0B-079391E105A9}"
EndProject
Project("{8BB2217D-0F2D-49D1-97BC-3654ED321F3B}") = "Microsoft.Extensions.DependencyInjection", "..\core\AspNetCoreDependencyInjection\src\Microsoft.Extensions.DependencyInjection\Microsoft.Extensions.DependencyInjection.xproj", "{07ABDD98-9974-48CB-8265-53D1A8EC9E34}"
EndProject
Project("{8BB2217D-0F2D-49D1-97BC-3654ED321F3B}") = "Microsoft.Extensions.DependencyInjection.Abstractions", "..\core\AspNetCoreDependencyInjection\src\Microsoft.Extensions.DependencyInjection.Abstractions\Microsoft.Extensions.DependencyInjection.Abstractions.xproj", "{4E959D3B-2E0D-4296-B22C-D428DED294F0}"
EndProject
Project("{8BB2217D-0F2D-49D1-97BC-3654ED321F3B}") = "Microsoft.AspNetCore.Routing.DecisionTree.Sources", "..\core\AspNetCoreRouting\src\Microsoft.AspNetCore.Routing.DecisionTree.Sources\Microsoft.AspNetCore.Routing.DecisionTree.Sources.xproj", "{ABD5AA59-6000-4A3D-A54F-4B636F725AE8}"
EndProject
Global
	GlobalSection(SolutionConfigurationPlatforms) = preSolution
		Debug|Any CPU = Debug|Any CPU
		Release|Any CPU = Release|Any CPU
	EndGlobalSection
	GlobalSection(ProjectConfigurationPlatforms) = postSolution
		{D89CC6BE-431C-4412-A258-F3294F10D6FD}.Debug|Any CPU.ActiveCfg = Debug|Any CPU
		{D89CC6BE-431C-4412-A258-F3294F10D6FD}.Debug|Any CPU.Build.0 = Debug|Any CPU
		{D89CC6BE-431C-4412-A258-F3294F10D6FD}.Release|Any CPU.ActiveCfg = Release|Any CPU
		{D89CC6BE-431C-4412-A258-F3294F10D6FD}.Release|Any CPU.Build.0 = Release|Any CPU
		{48FF2AF3-B81C-4B20-B8FE-50DF2D17B42D}.Debug|Any CPU.ActiveCfg = Debug|Any CPU
		{48FF2AF3-B81C-4B20-B8FE-50DF2D17B42D}.Debug|Any CPU.Build.0 = Debug|Any CPU
		{48FF2AF3-B81C-4B20-B8FE-50DF2D17B42D}.Release|Any CPU.ActiveCfg = Release|Any CPU
		{48FF2AF3-B81C-4B20-B8FE-50DF2D17B42D}.Release|Any CPU.Build.0 = Release|Any CPU
		{F986F6CD-348E-4F18-BF9A-44C84E078B91}.Debug|Any CPU.ActiveCfg = Debug|Any CPU
		{F986F6CD-348E-4F18-BF9A-44C84E078B91}.Debug|Any CPU.Build.0 = Debug|Any CPU
		{F986F6CD-348E-4F18-BF9A-44C84E078B91}.Release|Any CPU.ActiveCfg = Release|Any CPU
		{F986F6CD-348E-4F18-BF9A-44C84E078B91}.Release|Any CPU.Build.0 = Release|Any CPU
		{29F8A736-0B6E-4715-A7C7-5E1C27AF3951}.Debug|Any CPU.ActiveCfg = Debug|Any CPU
		{29F8A736-0B6E-4715-A7C7-5E1C27AF3951}.Debug|Any CPU.Build.0 = Debug|Any CPU
		{29F8A736-0B6E-4715-A7C7-5E1C27AF3951}.Release|Any CPU.ActiveCfg = Release|Any CPU
		{29F8A736-0B6E-4715-A7C7-5E1C27AF3951}.Release|Any CPU.Build.0 = Release|Any CPU
		{EF912846-22C4-40E7-A0A7-48C04AFEE663}.Debug|Any CPU.ActiveCfg = Debug|Any CPU
		{EF912846-22C4-40E7-A0A7-48C04AFEE663}.Debug|Any CPU.Build.0 = Debug|Any CPU
		{EF912846-22C4-40E7-A0A7-48C04AFEE663}.Release|Any CPU.ActiveCfg = Release|Any CPU
		{EF912846-22C4-40E7-A0A7-48C04AFEE663}.Release|Any CPU.Build.0 = Release|Any CPU
		{8BE6C024-883D-4CD0-98AB-6E1B3C987A07}.Debug|Any CPU.ActiveCfg = Debug|Any CPU
		{8BE6C024-883D-4CD0-98AB-6E1B3C987A07}.Debug|Any CPU.Build.0 = Debug|Any CPU
		{8BE6C024-883D-4CD0-98AB-6E1B3C987A07}.Release|Any CPU.ActiveCfg = Release|Any CPU
		{8BE6C024-883D-4CD0-98AB-6E1B3C987A07}.Release|Any CPU.Build.0 = Release|Any CPU
		{0AD6EC54-6B25-4BD1-B63D-9732F2FE2D71}.Debug|Any CPU.ActiveCfg = Debug|Any CPU
		{0AD6EC54-6B25-4BD1-B63D-9732F2FE2D71}.Debug|Any CPU.Build.0 = Debug|Any CPU
		{0AD6EC54-6B25-4BD1-B63D-9732F2FE2D71}.Release|Any CPU.ActiveCfg = Release|Any CPU
		{0AD6EC54-6B25-4BD1-B63D-9732F2FE2D71}.Release|Any CPU.Build.0 = Release|Any CPU
		{D37B4060-9315-4E70-861C-CBF3245F0878}.Debug|Any CPU.ActiveCfg = Debug|Any CPU
		{D37B4060-9315-4E70-861C-CBF3245F0878}.Debug|Any CPU.Build.0 = Debug|Any CPU
		{D37B4060-9315-4E70-861C-CBF3245F0878}.Release|Any CPU.ActiveCfg = Release|Any CPU
		{D37B4060-9315-4E70-861C-CBF3245F0878}.Release|Any CPU.Build.0 = Release|Any CPU
		{76145327-15D8-41AF-89BA-63928304E278}.Debug|Any CPU.ActiveCfg = Debug|Any CPU
		{76145327-15D8-41AF-89BA-63928304E278}.Debug|Any CPU.Build.0 = Debug|Any CPU
		{76145327-15D8-41AF-89BA-63928304E278}.Release|Any CPU.ActiveCfg = Release|Any CPU
		{76145327-15D8-41AF-89BA-63928304E278}.Release|Any CPU.Build.0 = Release|Any CPU
		{E277AD00-F5C9-4169-AD46-1A4F3C9EFE67}.Debug|Any CPU.ActiveCfg = Debug|Any CPU
		{E277AD00-F5C9-4169-AD46-1A4F3C9EFE67}.Debug|Any CPU.Build.0 = Debug|Any CPU
		{E277AD00-F5C9-4169-AD46-1A4F3C9EFE67}.Release|Any CPU.ActiveCfg = Release|Any CPU
		{E277AD00-F5C9-4169-AD46-1A4F3C9EFE67}.Release|Any CPU.Build.0 = Release|Any CPU
		{148C4EE9-1A73-4B3E-AFC5-233886E1B0C4}.Debug|Any CPU.ActiveCfg = Debug|Any CPU
		{148C4EE9-1A73-4B3E-AFC5-233886E1B0C4}.Debug|Any CPU.Build.0 = Debug|Any CPU
		{148C4EE9-1A73-4B3E-AFC5-233886E1B0C4}.Release|Any CPU.ActiveCfg = Release|Any CPU
		{148C4EE9-1A73-4B3E-AFC5-233886E1B0C4}.Release|Any CPU.Build.0 = Release|Any CPU
		{AA4E6DB2-C613-41B2-B1E9-E6E26AA11BBC}.Debug|Any CPU.ActiveCfg = Debug|Any CPU
		{AA4E6DB2-C613-41B2-B1E9-E6E26AA11BBC}.Debug|Any CPU.Build.0 = Debug|Any CPU
		{AA4E6DB2-C613-41B2-B1E9-E6E26AA11BBC}.Release|Any CPU.ActiveCfg = Release|Any CPU
		{AA4E6DB2-C613-41B2-B1E9-E6E26AA11BBC}.Release|Any CPU.Build.0 = Release|Any CPU
		{C5DB8170-B4BE-4C77-85E9-E34F0015F72E}.Debug|Any CPU.ActiveCfg = Debug|Any CPU
		{C5DB8170-B4BE-4C77-85E9-E34F0015F72E}.Debug|Any CPU.Build.0 = Debug|Any CPU
		{C5DB8170-B4BE-4C77-85E9-E34F0015F72E}.Release|Any CPU.ActiveCfg = Release|Any CPU
		{C5DB8170-B4BE-4C77-85E9-E34F0015F72E}.Release|Any CPU.Build.0 = Release|Any CPU
		{047D09EF-F3DC-4877-BA9A-B0A28D14A4FE}.Debug|Any CPU.ActiveCfg = Debug|Any CPU
		{047D09EF-F3DC-4877-BA9A-B0A28D14A4FE}.Debug|Any CPU.Build.0 = Debug|Any CPU
		{047D09EF-F3DC-4877-BA9A-B0A28D14A4FE}.Release|Any CPU.ActiveCfg = Release|Any CPU
		{047D09EF-F3DC-4877-BA9A-B0A28D14A4FE}.Release|Any CPU.Build.0 = Release|Any CPU
		{2D8A61AD-74F3-46FA-BDF4-4AEFCB7F0FA5}.Debug|Any CPU.ActiveCfg = Debug|Any CPU
		{2D8A61AD-74F3-46FA-BDF4-4AEFCB7F0FA5}.Debug|Any CPU.Build.0 = Debug|Any CPU
		{2D8A61AD-74F3-46FA-BDF4-4AEFCB7F0FA5}.Release|Any CPU.ActiveCfg = Release|Any CPU
		{2D8A61AD-74F3-46FA-BDF4-4AEFCB7F0FA5}.Release|Any CPU.Build.0 = Release|Any CPU
		{85234684-8031-4049-89EF-BA2E4E213174}.Debug|Any CPU.ActiveCfg = Debug|Any CPU
		{85234684-8031-4049-89EF-BA2E4E213174}.Debug|Any CPU.Build.0 = Debug|Any CPU
		{85234684-8031-4049-89EF-BA2E4E213174}.Release|Any CPU.ActiveCfg = Release|Any CPU
		{85234684-8031-4049-89EF-BA2E4E213174}.Release|Any CPU.Build.0 = Release|Any CPU
		{18FB52E6-C4FF-4ADC-AEE4-126C2F50DBB5}.Debug|Any CPU.ActiveCfg = Debug|Any CPU
		{18FB52E6-C4FF-4ADC-AEE4-126C2F50DBB5}.Debug|Any CPU.Build.0 = Debug|Any CPU
		{18FB52E6-C4FF-4ADC-AEE4-126C2F50DBB5}.Release|Any CPU.ActiveCfg = Release|Any CPU
		{18FB52E6-C4FF-4ADC-AEE4-126C2F50DBB5}.Release|Any CPU.Build.0 = Release|Any CPU
		{C48DA9D7-ACB5-4408-AA79-27ECB60A67EF}.Debug|Any CPU.ActiveCfg = Debug|Any CPU
		{C48DA9D7-ACB5-4408-AA79-27ECB60A67EF}.Debug|Any CPU.Build.0 = Debug|Any CPU
		{C48DA9D7-ACB5-4408-AA79-27ECB60A67EF}.Release|Any CPU.ActiveCfg = Release|Any CPU
		{C48DA9D7-ACB5-4408-AA79-27ECB60A67EF}.Release|Any CPU.Build.0 = Release|Any CPU
		{1154203C-7579-4525-906E-BC55268421C1}.Debug|Any CPU.ActiveCfg = Debug|Any CPU
		{1154203C-7579-4525-906E-BC55268421C1}.Debug|Any CPU.Build.0 = Debug|Any CPU
		{1154203C-7579-4525-906E-BC55268421C1}.Release|Any CPU.ActiveCfg = Release|Any CPU
		{1154203C-7579-4525-906E-BC55268421C1}.Release|Any CPU.Build.0 = Release|Any CPU
		{1EE54D32-6CED-4206-ACF5-3DC1DD39D228}.Debug|Any CPU.ActiveCfg = Debug|Any CPU
		{1EE54D32-6CED-4206-ACF5-3DC1DD39D228}.Debug|Any CPU.Build.0 = Debug|Any CPU
		{1EE54D32-6CED-4206-ACF5-3DC1DD39D228}.Release|Any CPU.ActiveCfg = Release|Any CPU
		{1EE54D32-6CED-4206-ACF5-3DC1DD39D228}.Release|Any CPU.Build.0 = Release|Any CPU
		{ED253B01-24F1-43D1-AA0B-079391E105A9}.Debug|Any CPU.ActiveCfg = Debug|Any CPU
		{ED253B01-24F1-43D1-AA0B-079391E105A9}.Debug|Any CPU.Build.0 = Debug|Any CPU
		{ED253B01-24F1-43D1-AA0B-079391E105A9}.Release|Any CPU.ActiveCfg = Release|Any CPU
		{ED253B01-24F1-43D1-AA0B-079391E105A9}.Release|Any CPU.Build.0 = Release|Any CPU
		{07ABDD98-9974-48CB-8265-53D1A8EC9E34}.Debug|Any CPU.ActiveCfg = Debug|Any CPU
		{07ABDD98-9974-48CB-8265-53D1A8EC9E34}.Debug|Any CPU.Build.0 = Debug|Any CPU
		{07ABDD98-9974-48CB-8265-53D1A8EC9E34}.Release|Any CPU.ActiveCfg = Release|Any CPU
		{07ABDD98-9974-48CB-8265-53D1A8EC9E34}.Release|Any CPU.Build.0 = Release|Any CPU
		{4E959D3B-2E0D-4296-B22C-D428DED294F0}.Debug|Any CPU.ActiveCfg = Debug|Any CPU
		{4E959D3B-2E0D-4296-B22C-D428DED294F0}.Debug|Any CPU.Build.0 = Debug|Any CPU
		{4E959D3B-2E0D-4296-B22C-D428DED294F0}.Release|Any CPU.ActiveCfg = Release|Any CPU
		{4E959D3B-2E0D-4296-B22C-D428DED294F0}.Release|Any CPU.Build.0 = Release|Any CPU
		{ABD5AA59-6000-4A3D-A54F-4B636F725AE8}.Debug|Any CPU.ActiveCfg = Debug|Any CPU
		{ABD5AA59-6000-4A3D-A54F-4B636F725AE8}.Debug|Any CPU.Build.0 = Debug|Any CPU
		{ABD5AA59-6000-4A3D-A54F-4B636F725AE8}.Release|Any CPU.ActiveCfg = Release|Any CPU
		{ABD5AA59-6000-4A3D-A54F-4B636F725AE8}.Release|Any CPU.Build.0 = Release|Any CPU
	EndGlobalSection
	GlobalSection(SolutionProperties) = preSolution
		HideSolutionNode = FALSE
	EndGlobalSection
	GlobalSection(NestedProjects) = preSolution
		{D89CC6BE-431C-4412-A258-F3294F10D6FD} = {48F93FD1-2EE8-42DB-BD31-9894C5F5396B}
		{59F77EFF-BA8D-4DA2-BD53-43FA41B41573} = {DC600974-69CA-4DE9-9981-215014FDB439}
		{0F2CC650-7C06-42F8-B01C-622C83BDDEF4} = {DC600974-69CA-4DE9-9981-215014FDB439}
		{48F93FD1-2EE8-42DB-BD31-9894C5F5396B} = {DC600974-69CA-4DE9-9981-215014FDB439}
		{48FF2AF3-B81C-4B20-B8FE-50DF2D17B42D} = {59F77EFF-BA8D-4DA2-BD53-43FA41B41573}
		{F986F6CD-348E-4F18-BF9A-44C84E078B91} = {0F2CC650-7C06-42F8-B01C-622C83BDDEF4}
		{29F8A736-0B6E-4715-A7C7-5E1C27AF3951} = {0F2CC650-7C06-42F8-B01C-622C83BDDEF4}
		{EF912846-22C4-40E7-A0A7-48C04AFEE663} = {0F2CC650-7C06-42F8-B01C-622C83BDDEF4}
		{8BE6C024-883D-4CD0-98AB-6E1B3C987A07} = {59F77EFF-BA8D-4DA2-BD53-43FA41B41573}
		{D10BE1BC-CDE8-4734-8657-4D6C05467C87} = {DC600974-69CA-4DE9-9981-215014FDB439}
		{0AD6EC54-6B25-4BD1-B63D-9732F2FE2D71} = {0F2CC650-7C06-42F8-B01C-622C83BDDEF4}
		{D37B4060-9315-4E70-861C-CBF3245F0878} = {D10BE1BC-CDE8-4734-8657-4D6C05467C87}
		{76145327-15D8-41AF-89BA-63928304E278} = {48F93FD1-2EE8-42DB-BD31-9894C5F5396B}
		{9E699BBD-B4FC-44F2-833A-A4EE5160BB3C} = {DC600974-69CA-4DE9-9981-215014FDB439}
		{E277AD00-F5C9-4169-AD46-1A4F3C9EFE67} = {9E699BBD-B4FC-44F2-833A-A4EE5160BB3C}
		{148C4EE9-1A73-4B3E-AFC5-233886E1B0C4} = {D10BE1BC-CDE8-4734-8657-4D6C05467C87}
		{AA4E6DB2-C613-41B2-B1E9-E6E26AA11BBC} = {D10BE1BC-CDE8-4734-8657-4D6C05467C87}
		{C5DB8170-B4BE-4C77-85E9-E34F0015F72E} = {59F77EFF-BA8D-4DA2-BD53-43FA41B41573}
		{047D09EF-F3DC-4877-BA9A-B0A28D14A4FE} = {48F93FD1-2EE8-42DB-BD31-9894C5F5396B}
		{2D8A61AD-74F3-46FA-BDF4-4AEFCB7F0FA5} = {D10BE1BC-CDE8-4734-8657-4D6C05467C87}
		{85234684-8031-4049-89EF-BA2E4E213174} = {0F2CC650-7C06-42F8-B01C-622C83BDDEF4}
		{18FB52E6-C4FF-4ADC-AEE4-126C2F50DBB5} = {D10BE1BC-CDE8-4734-8657-4D6C05467C87}
	EndGlobalSection
EndGlobal
